<?xml version="1.0" encoding="UTF-8" standalone="yes" ?>
<CodeBlocks_project_file>
	<FileVersion major="1" minor="6" />
	<Project>
		<Option title="ncclient" />
		<Option pch_mode="2" />
		<Option compiler="gcc" />
		<Build>
			<Target title="ncurses Debug">
				<Option output="bin/ncDebug/ncclient" prefix_auto="1" extension_auto="1" />
				<Option object_output="obj/ncDebug/" />
				<Option type="1" />
				<Option compiler="gcc" />
				<Compiler>
					<Add option="-g" />
				</Compiler>
				<Linker>
					<Add library="ncurses" />
				</Linker>
			</Target>
			<Target title="ncurses Release">
				<Option output="bin/ncRelease/ncclient" prefix_auto="1" extension_auto="1" />
				<Option object_output="obj/ncRelease/" />
				<Option type="1" />
				<Option compiler="gcc" />
				<Compiler>
					<Add option="-O2" />
				</Compiler>
				<Linker>
					<Add option="-s" />
				</Linker>
			</Target>
		</Build>
		<Compiler>
			<Add option="-Wall" />
			<Add option="-fexceptions" />
		</Compiler>
		<Unit filename="src/client/cursescolors.h" />
		<Unit filename="src/client/cursesinput.cpp" />
		<Unit filename="src/client/cursesinput.h" />
		<Unit filename="src/client/cursesscreen.cpp" />
		<Unit filename="src/client/cursesscreen.h" />
		<Unit filename="src/client/curseswindow.cpp" />
		<Unit filename="src/client/curseswindow.h" />
		<Unit filename="src/client/main_curses.cpp" />
		<Unit filename="src/client/mapwindow.cpp" />
		<Unit filename="src/client/mapwindow.h" />
		<Unit filename="src/client/menuwindow.cpp" />
		<Unit filename="src/client/menuwindow.h" />
		<Unit filename="src/client/settings.cpp" />
		<Unit filename="src/client/settings.h" />
		<Unit filename="src/world/map.cpp" />
		<Unit filename="src/world/map.h" />
		<Extensions>
			<envvars set="ncurses" />
			<code_completion />
			<debugger />
			<lib_finder disable_auto="1" />
		</Extensions>
	</Project>
</CodeBlocks_project_file>
