<?xml version="1.0" encoding="UTF-8" standalone="yes" ?>
<CodeBlocks_project_file>
	<FileVersion major="1" minor="6" />
	<Project>
		<Option title="mars" />
		<Option pch_mode="2" />
		<Option compiler="gcc" />
		<Build>
			<Target title="Test">
				<Option output="test/test" prefix_auto="1" extension_auto="1" />
				<Option working_dir="test/" />
				<Option object_output="obj/Test/" />
				<Option type="1" />
				<Option compiler="gcc" />
				<Compiler>
					<Add option="-g" />
					<Add directory="src" />
				</Compiler>
				<Linker>
					<Add library="libconfig++" />
				</Linker>
			</Target>
			<Target title="Client-Debug">
				<Option output="mars-client-debug" prefix_auto="1" extension_auto="1" />
				<Option object_output="obj/Client-Debug/" />
				<Option type="1" />
				<Option compiler="gcc" />
				<Compiler>
					<Add option="-g" />
					<Add directory="src" />
				</Compiler>
			</Target>
			<Target title="Client-Release">
				<Option output="mars-client" prefix_auto="1" extension_auto="1" />
				<Option object_output="obj/Client-Release/" />
				<Option type="1" />
				<Option compiler="gcc" />
				<Compiler>
					<Add option="-O2" />
					<Add directory="src" />
				</Compiler>
				<Linker>
					<Add option="-s" />
				</Linker>
			</Target>
			<Target title="Server-Debug">
				<Option output="mars-server-debug" prefix_auto="1" extension_auto="1" />
				<Option object_output="obj/Server-Debug/" />
				<Option type="1" />
				<Option compiler="gcc" />
				<Compiler>
					<Add option="-g" />
					<Add directory="src" />
				</Compiler>
				<Linker>
					<Add library="libconfig++" />
				</Linker>
			</Target>
			<Target title="Server-Release">
				<Option output="mars-server" prefix_auto="1" extension_auto="1" />
				<Option object_output="obj/Server-Release/" />
				<Option type="1" />
				<Option compiler="gcc" />
				<Compiler>
					<Add option="-O2" />
					<Add directory="src" />
				</Compiler>
				<Linker>
					<Add option="-s" />
				</Linker>
			</Target>
			<Target title="Benchmark">
				<Option output="test/benchmark" prefix_auto="1" extension_auto="1" />
				<Option working_dir="test/" />
				<Option object_output="obj/Benchmark/" />
				<Option type="1" />
				<Option compiler="gcc" />
				<Compiler>
					<Add option="-march=i486" />
					<Add option="-fexpensive-optimizations" />
					<Add option="-O3" />
					<Add directory="src" />
				</Compiler>
				<Linker>
					<Add option="-s" />
				</Linker>
			</Target>
			<Target title="Benchmark Debug">
				<Option output="test/benchmark-debug" prefix_auto="1" extension_auto="1" />
				<Option working_dir="test/" />
				<Option object_output="obj/Benchmark-Debug/" />
				<Option type="1" />
				<Option compiler="gcc" />
				<Compiler>
					<Add option="-g" />
					<Add directory="src" />
				</Compiler>
			</Target>
		</Build>
		<Compiler>
			<Add option="-Wall" />
		</Compiler>
		<Unit filename="src/bot/bot.c">
			<Option compilerVar="CPP" />
		</Unit>
		<Unit filename="src/bot/bot.h" />
		<Unit filename="src/bot/botspec.cpp" />
		<Unit filename="src/bot/botspec.h" />
		<Unit filename="src/bot/engineio.cpp" />
		<Unit filename="src/bot/engineio.h" />
		<Unit filename="src/server/main.cpp">
			<Option target="Server-Debug" />
			<Option target="Server-Release" />
		</Unit>
		<Unit filename="src/server/server.cpp">
			<Option target="Server-Debug" />
			<Option target="Server-Release" />
		</Unit>
		<Unit filename="src/server/server.h">
			<Option target="Server-Debug" />
			<Option target="Server-Release" />
		</Unit>
		<Unit filename="src/test/benchmark.cpp">
			<Option target="Benchmark" />
			<Option target="Benchmark Debug" />
		</Unit>
		<Unit filename="src/test/memorytest.cpp">
			<Option target="Test" />
		</Unit>
		<Unit filename="src/test/test.cpp">
			<Option target="Test" />
		</Unit>
		<Unit filename="src/test/testlib.cpp">
			<Option target="Test" />
		</Unit>
		<Unit filename="src/test/testlib.h">
			<Option target="Test" />
		</Unit>
		<Unit filename="src/test/testvm.cpp">
			<Option target="Test" />
		</Unit>
		<Unit filename="src/util/debug.h" />
		<Unit filename="src/util/intervalvector.cpp" />
		<Unit filename="src/util/intervalvector.h" />
		<Unit filename="src/util/position.h" />
		<Unit filename="src/vm/coreio.cpp" />
		<Unit filename="src/vm/coreio.h" />
		<Unit filename="src/vm/io.cpp" />
		<Unit filename="src/vm/io.h" />
		<Unit filename="src/vm/memory.cpp" />
		<Unit filename="src/vm/memory.h" />
		<Unit filename="src/vm/vm.cpp" />
		<Unit filename="src/vm/vm.h" />
		<Unit filename="src/vm/vmtypes.h" />
		<Extensions>
			<envvars />
			<code_completion />
			<debugger />
			<lib_finder disable_auto="1" />
		</Extensions>
	</Project>
</CodeBlocks_project_file>
